
Microsoft Visual Studio Solution File, Format Version 12.00
# Visual Studio Version 17
VisualStudioVersion = 17.12.35521.163
MinimumVisualStudioVersion = 10.0.40219.1
Project("{FAE04EC0-301F-11D3-BF4B-00C04F79EFBC}") = "MediHarbor", "MediHarbor\MediHarbor.csproj", "{28A2D9FD-2D09-4BB7-97E5-1940F7DD3831}"
EndProject
Project("{2150E333-8FDC-42A3-9474-1A3956D46DE8}") = "Solution Items", "Solution Items", "{1ACFB142-4ACF-4F1C-AC6D-1ABD8C5A4A8F}"
	ProjectSection(SolutionItems) = preProject
		.gitignore = .gitignore
	EndProjectSection
EndProject
Global
	GlobalSection(SolutionConfigurationPlatforms) = preSolution
		Debug|Any CPU = Debug|Any CPU
		Release|Any CPU = Release|Any CPU
	EndGlobalSection
	GlobalSection(ProjectConfigurationPlatforms) = postSolution
		{28A2D9FD-2D09-4BB7-97E5-1940F7DD3831}.Debug|Any CPU.ActiveCfg = Debug|Any CPU
		{28A2D9FD-2D09-4BB7-97E5-1940F7DD3831}.Debug|Any CPU.Build.0 = Debug|Any CPU
		{28A2D9FD-2D09-4BB7-97E5-1940F7DD3831}.Release|Any CPU.ActiveCfg = Release|Any CPU
		{28A2D9FD-2D09-4BB7-97E5-1940F7DD3831}.Release|Any CPU.Build.0 = Release|Any CPU
	EndGlobalSection
	GlobalSection(SolutionProperties) = preSolution
		HideSolutionNode = FALSE
	EndGlobalSection
EndGlobal
